
Microsoft Visual Studio Solution File, Format Version 12.00
# Visual Studio Version 17
VisualStudioVersion = 17.14.36327.8
MinimumVisualStudioVersion = 10.0.40219.1
Project("{FAE04EC0-301F-11D3-BF4B-00C04F79EFBC}") = "Autos.Api", "Autos.Api\Autos.Api.csproj", "{8A763A6A-A0E9-4038-AF7B-20AB614CA721}"
EndProject
Project("{FAE04EC0-301F-11D3-BF4B-00C04F79EFBC}") = "Autos.ApiTests", "Autos.ApiTests\Autos.ApiTests.csproj", "{AE7F308C-9E9D-4307-8993-742B2153DACB}"
EndProject
Project("{E53339B2-1760-4266-BCC7-CA923CBCF16C}") = "docker-compose", "docker-compose.dcproj", "{81DDED9D-158B-E303-5F62-77A2896D2A5A}"
EndProject
Global
	GlobalSection(SolutionConfigurationPlatforms) = preSolution
		Debug|Any CPU = Debug|Any CPU
		Release|Any CPU = Release|Any CPU
	EndGlobalSection
	GlobalSection(ProjectConfigurationPlatforms) = postSolution
		{8A763A6A-A0E9-4038-AF7B-20AB614CA721}.Debug|Any CPU.ActiveCfg = Debug|Any CPU
		{8A763A6A-A0E9-4038-AF7B-20AB614CA721}.Debug|Any CPU.Build.0 = Debug|Any CPU
		{8A763A6A-A0E9-4038-AF7B-20AB614CA721}.Release|Any CPU.ActiveCfg = Release|Any CPU
		{8A763A6A-A0E9-4038-AF7B-20AB614CA721}.Release|Any CPU.Build.0 = Release|Any CPU
		{AE7F308C-9E9D-4307-8993-742B2153DACB}.Debug|Any CPU.ActiveCfg = Debug|Any CPU
		{AE7F308C-9E9D-4307-8993-742B2153DACB}.Debug|Any CPU.Build.0 = Debug|Any CPU
		{AE7F308C-9E9D-4307-8993-742B2153DACB}.Release|Any CPU.ActiveCfg = Release|Any CPU
		{AE7F308C-9E9D-4307-8993-742B2153DACB}.Release|Any CPU.Build.0 = Release|Any CPU
		{81DDED9D-158B-E303-5F62-77A2896D2A5A}.Debug|Any CPU.ActiveCfg = Debug|Any CPU
		{81DDED9D-158B-E303-5F62-77A2896D2A5A}.Debug|Any CPU.Build.0 = Debug|Any CPU
		{81DDED9D-158B-E303-5F62-77A2896D2A5A}.Release|Any CPU.ActiveCfg = Release|Any CPU
		{81DDED9D-158B-E303-5F62-77A2896D2A5A}.Release|Any CPU.Build.0 = Release|Any CPU
	EndGlobalSection
	GlobalSection(SolutionProperties) = preSolution
		HideSolutionNode = FALSE
	EndGlobalSection
	GlobalSection(ExtensibilityGlobals) = postSolution
		SolutionGuid = {25D2E994-0CF0-463A-80BC-8388C93F232A}
	EndGlobalSection
EndGlobal
